
Microsoft Visual Studio Solution File, Format Version 12.00
# Visual Studio Version 16
VisualStudioVersion = 16.0.30503.244
MinimumVisualStudioVersion = 10.0.40219.1
Project("{FAE04EC0-301F-11D3-BF4B-00C04F79EFBC}") = "vgd21-bootcamp-Sundar Ganesh", "vgd21-bootcamp-Sundar Ganesh\vgd21-bootcamp-Sundar Ganesh.csproj", "{2C08A985-146B-4847-8AB4-06CDCA02C967}"
EndProject
Global
	GlobalSection(SolutionConfigurationPlatforms) = preSolution
		Debug|Any CPU = Debug|Any CPU
		Release|Any CPU = Release|Any CPU
	EndGlobalSection
	GlobalSection(ProjectConfigurationPlatforms) = postSolution
		{2C08A985-146B-4847-8AB4-06CDCA02C967}.Debug|Any CPU.ActiveCfg = Debug|Any CPU
		{2C08A985-146B-4847-8AB4-06CDCA02C967}.Debug|Any CPU.Build.0 = Debug|Any CPU
		{2C08A985-146B-4847-8AB4-06CDCA02C967}.Release|Any CPU.ActiveCfg = Release|Any CPU
		{2C08A985-146B-4847-8AB4-06CDCA02C967}.Release|Any CPU.Build.0 = Release|Any CPU
	EndGlobalSection
	GlobalSection(SolutionProperties) = preSolution
		HideSolutionNode = FALSE
	EndGlobalSection
	GlobalSection(ExtensibilityGlobals) = postSolution
		SolutionGuid = {D144E62C-779A-4FB3-8F05-30B2E1B5D11B}
	EndGlobalSection
EndGlobal
